{
  "name": "ws-server",
  "version": "1.0.0",
  "lockfileVersion": 3,
  "requires": true,
  "packages": {
    "": {
      "name": "ws-server",
      "version": "1.0.0",
      "dependencies": {
        "ws": "^8.0.0"
      }
    },
    "node_modules/ws": {
      "version": "8.18.0",
      "resolved": "https://registry.npmjs.org/ws/-/ws-8.18.0.tgz",
      "integrity": "sha512-8VbfWfHLbbwu3+N6OKsOMh+cb4lcsc3Nxk2qHqBNNxIhVAu1x2y5Y+UNZZ0NQZ5aNjGv2Vo1f+YIKRL3R0dg=="
    }
  }
}
